
Microsoft Visual Studio Solution File, Format Version 12.00
# Visual Studio Version 16
VisualStudioVersion = 16.0.30114.105
MinimumVisualStudioVersion = 10.0.40219.1
Project("{FAE04EC0-301F-11D3-BF4B-00C04F79EFBC}") = "Api", "API\Api.csproj", "{F58687B9-58E6-4A6C-ABF3-9F7F8C8BC865}"
EndProject
Project("{FAE04EC0-301F-11D3-BF4B-00C04F79EFBC}") = "Application", "Application\Application.csproj", "{F7C75CAA-B0D3-4C43-B248-3E5CD44C5E50}"
EndProject
Project("{FAE04EC0-301F-11D3-BF4B-00C04F79EFBC}") = "Domain", "Domain\Domain.csproj", "{A931E908-D977-4B7F-8A89-43B492573092}"
EndProject
Project("{FAE04EC0-301F-11D3-BF4B-00C04F79EFBC}") = "Persistence", "Persistence\Persistence.csproj", "{962B5527-FA0A-4FC4-A40B-D74CFF3A7BBB}"
EndProject
Global
	GlobalSection(SolutionConfigurationPlatforms) = preSolution
		Debug|Any CPU = Debug|Any CPU
		Debug|x64 = Debug|x64
		Debug|x86 = Debug|x86
		Release|Any CPU = Release|Any CPU
		Release|x64 = Release|x64
		Release|x86 = Release|x86
	EndGlobalSection
	GlobalSection(SolutionProperties) = preSolution
		HideSolutionNode = FALSE
	EndGlobalSection
	GlobalSection(ProjectConfigurationPlatforms) = postSolution
		{F58687B9-58E6-4A6C-ABF3-9F7F8C8BC865}.Debug|Any CPU.ActiveCfg = Debug|Any CPU
		{F58687B9-58E6-4A6C-ABF3-9F7F8C8BC865}.Debug|Any CPU.Build.0 = Debug|Any CPU
		{F58687B9-58E6-4A6C-ABF3-9F7F8C8BC865}.Debug|x64.ActiveCfg = Debug|Any CPU
		{F58687B9-58E6-4A6C-ABF3-9F7F8C8BC865}.Debug|x64.Build.0 = Debug|Any CPU
		{F58687B9-58E6-4A6C-ABF3-9F7F8C8BC865}.Debug|x86.ActiveCfg = Debug|Any CPU
		{F58687B9-58E6-4A6C-ABF3-9F7F8C8BC865}.Debug|x86.Build.0 = Debug|Any CPU
		{F58687B9-58E6-4A6C-ABF3-9F7F8C8BC865}.Release|Any CPU.ActiveCfg = Release|Any CPU
		{F58687B9-58E6-4A6C-ABF3-9F7F8C8BC865}.Release|Any CPU.Build.0 = Release|Any CPU
		{F58687B9-58E6-4A6C-ABF3-9F7F8C8BC865}.Release|x64.ActiveCfg = Release|Any CPU
		{F58687B9-58E6-4A6C-ABF3-9F7F8C8BC865}.Release|x64.Build.0 = Release|Any CPU
		{F58687B9-58E6-4A6C-ABF3-9F7F8C8BC865}.Release|x86.ActiveCfg = Release|Any CPU
		{F58687B9-58E6-4A6C-ABF3-9F7F8C8BC865}.Release|x86.Build.0 = Release|Any CPU
		{F7C75CAA-B0D3-4C43-B248-3E5CD44C5E50}.Debug|Any CPU.ActiveCfg = Debug|Any CPU
		{F7C75CAA-B0D3-4C43-B248-3E5CD44C5E50}.Debug|Any CPU.Build.0 = Debug|Any CPU
		{F7C75CAA-B0D3-4C43-B248-3E5CD44C5E50}.Debug|x64.ActiveCfg = Debug|Any CPU
		{F7C75CAA-B0D3-4C43-B248-3E5CD44C5E50}.Debug|x64.Build.0 = Debug|Any CPU
		{F7C75CAA-B0D3-4C43-B248-3E5CD44C5E50}.Debug|x86.ActiveCfg = Debug|Any CPU
		{F7C75CAA-B0D3-4C43-B248-3E5CD44C5E50}.Debug|x86.Build.0 = Debug|Any CPU
		{F7C75CAA-B0D3-4C43-B248-3E5CD44C5E50}.Release|Any CPU.ActiveCfg = Release|Any CPU
		{F7C75CAA-B0D3-4C43-B248-3E5CD44C5E50}.Release|Any CPU.Build.0 = Release|Any CPU
		{F7C75CAA-B0D3-4C43-B248-3E5CD44C5E50}.Release|x64.ActiveCfg = Release|Any CPU
		{F7C75CAA-B0D3-4C43-B248-3E5CD44C5E50}.Release|x64.Build.0 = Release|Any CPU
		{F7C75CAA-B0D3-4C43-B248-3E5CD44C5E50}.Release|x86.ActiveCfg = Release|Any CPU
		{F7C75CAA-B0D3-4C43-B248-3E5CD44C5E50}.Release|x86.Build.0 = Release|Any CPU
		{A931E908-D977-4B7F-8A89-43B492573092}.Debug|Any CPU.ActiveCfg = Debug|Any CPU
		{A931E908-D977-4B7F-8A89-43B492573092}.Debug|Any CPU.Build.0 = Debug|Any CPU
		{A931E908-D977-4B7F-8A89-43B492573092}.Debug|x64.ActiveCfg = Debug|Any CPU
		{A931E908-D977-4B7F-8A89-43B492573092}.Debug|x64.Build.0 = Debug|Any CPU
		{A931E908-D977-4B7F-8A89-43B492573092}.Debug|x86.ActiveCfg = Debug|Any CPU
		{A931E908-D977-4B7F-8A89-43B492573092}.Debug|x86.Build.0 = Debug|Any CPU
		{A931E908-D977-4B7F-8A89-43B492573092}.Release|Any CPU.ActiveCfg = Release|Any CPU
		{A931E908-D977-4B7F-8A89-43B492573092}.Release|Any CPU.Build.0 = Release|Any CPU
		{A931E908-D977-4B7F-8A89-43B492573092}.Release|x64.ActiveCfg = Release|Any CPU
		{A931E908-D977-4B7F-8A89-43B492573092}.Release|x64.Build.0 = Release|Any CPU
		{A931E908-D977-4B7F-8A89-43B492573092}.Release|x86.ActiveCfg = Release|Any CPU
		{A931E908-D977-4B7F-8A89-43B492573092}.Release|x86.Build.0 = Release|Any CPU
		{962B5527-FA0A-4FC4-A40B-D74CFF3A7BBB}.Debug|Any CPU.ActiveCfg = Debug|Any CPU
		{962B5527-FA0A-4FC4-A40B-D74CFF3A7BBB}.Debug|Any CPU.Build.0 = Debug|Any CPU
		{962B5527-FA0A-4FC4-A40B-D74CFF3A7BBB}.Debug|x64.ActiveCfg = Debug|Any CPU
		{962B5527-FA0A-4FC4-A40B-D74CFF3A7BBB}.Debug|x64.Build.0 = Debug|Any CPU
		{962B5527-FA0A-4FC4-A40B-D74CFF3A7BBB}.Debug|x86.ActiveCfg = Debug|Any CPU
		{962B5527-FA0A-4FC4-A40B-D74CFF3A7BBB}.Debug|x86.Build.0 = Debug|Any CPU
		{962B5527-FA0A-4FC4-A40B-D74CFF3A7BBB}.Release|Any CPU.ActiveCfg = Release|Any CPU
		{962B5527-FA0A-4FC4-A40B-D74CFF3A7BBB}.Release|Any CPU.Build.0 = Release|Any CPU
		{962B5527-FA0A-4FC4-A40B-D74CFF3A7BBB}.Release|x64.ActiveCfg = Release|Any CPU
		{962B5527-FA0A-4FC4-A40B-D74CFF3A7BBB}.Release|x64.Build.0 = Release|Any CPU
		{962B5527-FA0A-4FC4-A40B-D74CFF3A7BBB}.Release|x86.ActiveCfg = Release|Any CPU
		{962B5527-FA0A-4FC4-A40B-D74CFF3A7BBB}.Release|x86.Build.0 = Release|Any CPU
	EndGlobalSection
EndGlobal
